
Microsoft Visual Studio Solution File, Format Version 12.00
# Visual Studio 15
VisualStudioVersion = 15.0.26730.12
MinimumVisualStudioVersion = 10.0.40219.1
Project("{FAE04EC0-301F-11D3-BF4B-00C04F79EFBC}") = "Ex5", "Ex5\Ex5.csproj", "{1EEB6796-A3FC-47BF-AB80-91B05814420B}"
EndProject
Global
	GlobalSection(SolutionConfigurationPlatforms) = preSolution
		Debug|Any CPU = Debug|Any CPU
		Release|Any CPU = Release|Any CPU
	EndGlobalSection
	GlobalSection(ProjectConfigurationPlatforms) = postSolution
		{1EEB6796-A3FC-47BF-AB80-91B05814420B}.Debug|Any CPU.ActiveCfg = Debug|Any CPU
		{1EEB6796-A3FC-47BF-AB80-91B05814420B}.Debug|Any CPU.Build.0 = Debug|Any CPU
		{1EEB6796-A3FC-47BF-AB80-91B05814420B}.Release|Any CPU.ActiveCfg = Release|Any CPU
		{1EEB6796-A3FC-47BF-AB80-91B05814420B}.Release|Any CPU.Build.0 = Release|Any CPU
	EndGlobalSection
	GlobalSection(SolutionProperties) = preSolution
		HideSolutionNode = FALSE
	EndGlobalSection
	GlobalSection(ExtensibilityGlobals) = postSolution
		SolutionGuid = {654F9853-766D-46BF-B5D5-29AA9A45DF45}
	EndGlobalSection
EndGlobal
