
Microsoft Visual Studio Solution File, Format Version 12.00
# Visual Studio 15
VisualStudioVersion = 15.0.26730.12
MinimumVisualStudioVersion = 10.0.40219.1
Project("{FAE04EC0-301F-11D3-BF4B-00C04F79EFBC}") = "Lab1", "Lab1\Lab1.csproj", "{5EF94C67-A920-4BDB-AAD9-5A0458083CF6}"
EndProject
Global
	GlobalSection(SolutionConfigurationPlatforms) = preSolution
		Debug|Any CPU = Debug|Any CPU
		Release|Any CPU = Release|Any CPU
	EndGlobalSection
	GlobalSection(ProjectConfigurationPlatforms) = postSolution
		{5EF94C67-A920-4BDB-AAD9-5A0458083CF6}.Debug|Any CPU.ActiveCfg = Debug|Any CPU
		{5EF94C67-A920-4BDB-AAD9-5A0458083CF6}.Debug|Any CPU.Build.0 = Debug|Any CPU
		{5EF94C67-A920-4BDB-AAD9-5A0458083CF6}.Release|Any CPU.ActiveCfg = Release|Any CPU
		{5EF94C67-A920-4BDB-AAD9-5A0458083CF6}.Release|Any CPU.Build.0 = Release|Any CPU
	EndGlobalSection
	GlobalSection(SolutionProperties) = preSolution
		HideSolutionNode = FALSE
	EndGlobalSection
	GlobalSection(ExtensibilityGlobals) = postSolution
		SolutionGuid = {371D1CF0-F195-402D-AF46-E51133DBD5FC}
	EndGlobalSection
EndGlobal
