
Microsoft Visual Studio Solution File, Format Version 12.00
# Visual Studio 15
VisualStudioVersion = 15.0.26730.12
MinimumVisualStudioVersion = 10.0.40219.1
Project("{FAE04EC0-301F-11D3-BF4B-00C04F79EFBC}") = "Lab7", "Lab7\Lab7.csproj", "{0FE37E6F-008D-48B4-93B6-209FEC7CE503}"
EndProject
Global
	GlobalSection(SolutionConfigurationPlatforms) = preSolution
		Debug|Any CPU = Debug|Any CPU
		Release|Any CPU = Release|Any CPU
	EndGlobalSection
	GlobalSection(ProjectConfigurationPlatforms) = postSolution
		{0FE37E6F-008D-48B4-93B6-209FEC7CE503}.Debug|Any CPU.ActiveCfg = Debug|Any CPU
		{0FE37E6F-008D-48B4-93B6-209FEC7CE503}.Debug|Any CPU.Build.0 = Debug|Any CPU
		{0FE37E6F-008D-48B4-93B6-209FEC7CE503}.Release|Any CPU.ActiveCfg = Release|Any CPU
		{0FE37E6F-008D-48B4-93B6-209FEC7CE503}.Release|Any CPU.Build.0 = Release|Any CPU
	EndGlobalSection
	GlobalSection(SolutionProperties) = preSolution
		HideSolutionNode = FALSE
	EndGlobalSection
	GlobalSection(ExtensibilityGlobals) = postSolution
		SolutionGuid = {1EEB25DD-3F7D-4C6E-88C9-5EB36DFF9576}
	EndGlobalSection
EndGlobal
